{
  "name": "test",
  "version": "0.0.1",
  "lockfileVersion": 2,
  "requires": true,
  "packages": {
    "": {
      "version": "0.0.1",
      "dependencies": {
        "bareuvu": "file:.."
      },
      "devDependencies": {}
    },
    "..": {
      "version": "0.0.0-1",
      "license": "MIT",
      "workspaces": [
        "test"
      ],
      "devDependencies": {
        "@rollup/plugin-node-resolve": "^13.0.5",
        "rollup": "^2.57.0",
        "uvu": "^0.5.1"
      }
    },
    "node_modules/bareuvu": {
      "resolved": "..",
      "link": true
    }
  },
  "dependencies": {
    "bareuvu": {
      "version": "file:..",
      "requires": {
        "@rollup/plugin-node-resolve": "^13.0.5",
        "rollup": "^2.57.0",
        "uvu": "^0.5.1"
      }
    }
  }
}
